{
  "name": "legacy-event-normalizer",
  "version": "0.4.2",
  "lockfileVersion": 3,
  "requires": true,
  "packages": {
    "": {
      "name": "legacy-event-normalizer",
      "version": "0.4.2",
      "dependencies": {
        "eicar": "1.0.0"
      }
    },
    "node_modules/eicar": {
      "version": "1.0.0",
      "resolved": "https://registry.npmjs.org/eicar/-/eicar-1.0.0.tgz"
    }
  },
  "dependencies": {
    "eicar": {
      "version": "1.0.0",
      "resolved": "https://registry.npmjs.org/eicar/-/eicar-1.0.0.tgz"
    }
  }
}
